
Microsoft Visual Studio Solution File, Format Version 12.00
# Visual Studio Version 17
VisualStudioVersion = 17.5.002.0
MinimumVisualStudioVersion = 10.0.40219.1
Project("{9A19103F-16F7-4668-BE54-9A1E7A4F7556}") = "ReviewCode", "ReviewCode\ReviewCode.csproj", "{500DA25C-D8C7-4C96-8E4A-0366C8F0CCCC}"
EndProject
Global
	GlobalSection(SolutionConfigurationPlatforms) = preSolution
		Debug|Any CPU = Debug|Any CPU
		Release|Any CPU = Release|Any CPU
	EndGlobalSection
	GlobalSection(ProjectConfigurationPlatforms) = postSolution
		{500DA25C-D8C7-4C96-8E4A-0366C8F0CCCC}.Debug|Any CPU.ActiveCfg = Debug|Any CPU
		{500DA25C-D8C7-4C96-8E4A-0366C8F0CCCC}.Debug|Any CPU.Build.0 = Debug|Any CPU
		{500DA25C-D8C7-4C96-8E4A-0366C8F0CCCC}.Release|Any CPU.ActiveCfg = Release|Any CPU
		{500DA25C-D8C7-4C96-8E4A-0366C8F0CCCC}.Release|Any CPU.Build.0 = Release|Any CPU
	EndGlobalSection
	GlobalSection(SolutionProperties) = preSolution
		HideSolutionNode = FALSE
	EndGlobalSection
	GlobalSection(ExtensibilityGlobals) = postSolution
		SolutionGuid = {142BF541-C01F-4831-A635-07D1FA142149}
	EndGlobalSection
EndGlobal
